// !$*UTF8*$!
{
	archiveVersion = 1;
	classes = {
	};
	objectVersion = 48;
	objects = {

/* Begin PBXBuildFile section */
		3316665D2104DED5002E69E6 /* PDFHelper.swift in Sources */ = {isa = PBXBuildFile; fileRef = 3316665C2104DED5002E69E6 /* PDFHelper.swift */; };
		3316665F210500E5002E69E6 /* ActivityHelper.swift in Sources */ = {isa = PBXBuildFile; fileRef = 3316665E210500E5002E69E6 /* ActivityHelper.swift */; };
		9818C8A020CAD53000C0B3E8 /* AppDelegate.swift in Sources */ = {isa = PBXBuildFile; fileRef = 9818C89F20CAD53000C0B3E8 /* AppDelegate.swift */; };
		9818C8A220CAD53000C0B3E8 /* ViewController.swift in Sources */ = {isa = PBXBuildFile; fileRef = 9818C8A120CAD53000C0B3E8 /* ViewController.swift */; };
		9818C8A520CAD53000C0B3E8 /* Main.storyboard in Resources */ = {isa = PBXBuildFile; fileRef = 9818C8A320CAD53000C0B3E8 /* Main.storyboard */; };
		9818C8A720CAD53100C0B3E8 /* Assets.xcassets in Resources */ = {isa = PBXBuildFile; fileRef = 9818C8A620CAD53100C0B3E8 /* Assets.xcassets */; };
		9818C8AA20CAD53100C0B3E8 /* LaunchScreen.storyboard in Resources */ = {isa = PBXBuildFile; fileRef = 9818C8A820CAD53100C0B3E8 /* LaunchScreen.storyboard */; };
		9818C8B520CAD53100C0B3E8 /* PDFExampleTests.swift in Sources */ = {isa = PBXBuildFile; fileRef = 9818C8B420CAD53100C0B3E8 /* PDFExampleTests.swift */; };
		9818C8C020CAD53100C0B3E8 /* PDFExampleUITests.swift in Sources */ = {isa = PBXBuildFile; fileRef = 9818C8BF20CAD53100C0B3E8 /* PDFExampleUITests.swift */; };
/* End PBXBuildFile section */

/* Begin PBXContainerItemProxy section */
		9818C8B120CAD53100C0B3E8 /* PBXContainerItemProxy */ = {
			isa = PBXContainerItemProxy;
			containerPortal = 9818C89420CAD53000C0B3E8 /* Project object */;
			proxyType = 1;
			remoteGlobalIDString = 9818C89B20CAD53000C0B3E8;
			remoteInfo = PDFExample;
		};
		9818C8BC20CAD53100C0B3E8 /* PBXContainerItemProxy */ = {
			isa = PBXContainerItemProxy;
			containerPortal = 9818C89420CAD53000C0B3E8 /* Project object */;
			proxyType = 1;
			remoteGlobalIDString = 9818C89B20CAD53000C0B3E8;
			remoteInfo = PDFExample;
		};
/* End PBXContainerItemProxy section */

/* Begin PBXFileReference section */
		3316665C2104DED5002E69E6 /* PDFHelper.swift */ = {isa = PBXFileReference; lastKnownFileType = sourcecode.swift; path = PDFHelper.swift; sourceTree = "<group>"; };
		3316665E210500E5002E69E6 /* ActivityHelper.swift */ = {isa = PBXFileReference; lastKnownFileType = sourcecode.swift; path = ActivityHelper.swift; sourceTree = "<group>"; };
		9818C89C20CAD53000C0B3E8 /* PDFExample.app */ = {isa = PBXFileReference; explicitFileType = wrapper.application; includeInIndex = 0; path = PDFExample.app; sourceTree = BUILT_PRODUCTS_DIR; };
		9818C89F20CAD53000C0B3E8 /* AppDelegate.swift */ = {isa = PBXFileReference; lastKnownFileType = sourcecode.swift; path = AppDelegate.swift; sourceTree = "<group>"; };
		9818C8A120CAD53000C0B3E8 /* ViewController.swift */ = {isa = PBXFileReference; lastKnownFileType = sourcecode.swift; path = ViewController.swift; sourceTree = "<group>"; };
		9818C8A420CAD53000C0B3E8 /* Base */ = {isa = PBXFileReference; lastKnownFileType = file.storyboard; name = Base; path = Base.lproj/Main.storyboard; sourceTree = "<group>"; };
		9818C8A620CAD53100C0B3E8 /* Assets.xcassets */ = {isa = PBXFileReference; lastKnownFileType = folder.assetcatalog; path = Assets.xcassets; sourceTree = "<group>"; };
		9818C8A920CAD53100C0B3E8 /* Base */ = {isa = PBXFileReference; lastKnownFileType = file.storyboard; name = Base; path = Base.lproj/LaunchScreen.storyboard; sourceTree = "<group>"; };
		9818C8AB20CAD53100C0B3E8 /* Info.plist */ = {isa = PBXFileReference; lastKnownFileType = text.plist.xml; path = Info.plist; sourceTree = "<group>"; };
		9818C8B020CAD53100C0B3E8 /* PDFExampleTests.xctest */ = {isa = PBXFileReference; explicitFileType = wrapper.cfbundle; includeInIndex = 0; path = PDFExampleTests.xctest; sourceTree = BUILT_PRODUCTS_DIR; };
		9818C8B420CAD53100C0B3E8 /* PDFExampleTests.swift */ = {isa = PBXFileReference; lastKnownFileType = sourcecode.swift; path = PDFExampleTests.swift; sourceTree = "<group>"; };
		9818C8B620CAD53100C0B3E8 /* Info.plist */ = {isa = PBXFileReference; lastKnownFileType = text.plist.xml; path = Info.plist; sourceTree = "<group>"; };
		9818C8BB20CAD53100C0B3E8 /* PDFExampleUITests.xctest */ = {isa = PBXFileReference; explicitFileType = wrapper.cfbundle; includeInIndex = 0; path = PDFExampleUITests.xctest; sourceTree = BUILT_PRODUCTS_DIR; };
		9818C8BF20CAD53100C0B3E8 /* PDFExampleUITests.swift */ = {isa = PBXFileReference; lastKnownFileType = sourcecode.swift; path = PDFExampleUITests.swift; sourceTree = "<group>"; };
		9818C8C120CAD53100C0B3E8 /* Info.plist */ = {isa = PBXFileReference; lastKnownFileType = text.plist.xml; path = Info.plist; sourceTree = "<group>"; };
/* End PBXFileReference section */

/* Begin PBXFrameworksBuildPhase section */
		9818C89920CAD53000C0B3E8 /* Frameworks */ = {
			isa = PBXFrameworksBuildPhase;
			buildActionMask = 2147483647;
			files = (
			);
			runOnlyForDeploymentPostprocessing = 0;
		};
		9818C8AD20CAD53100C0B3E8 /* Frameworks */ = {
			isa = PBXFrameworksBuildPhase;
			buildActionMask = 2147483647;
			files = (
			);
			runOnlyForDeploymentPostprocessing = 0;
		};
		9818C8B820CAD53100C0B3E8 /* Frameworks */ = {
			isa = PBXFrameworksBuildPhase;
			buildActionMask = 2147483647;
			files = (
			);
			runOnlyForDeploymentPostprocessing = 0;
		};
/* End PBXFrameworksBuildPhase section */

/* Begin PBXGroup section */
		3316665B2104DEB3002E69E6 /* Helper */ = {
			isa = PBXGroup;
			children = (
				3316665C2104DED5002E69E6 /* PDFHelper.swift */,
				3316665E210500E5002E69E6 /* ActivityHelper.swift */,
			);
			path = Helper;
			sourceTree = "<group>";
		};
		9818C89320CAD53000C0B3E8 = {
			isa = PBXGroup;
			children = (
				9818C89E20CAD53000C0B3E8 /* PDFExample */,
				9818C8B320CAD53100C0B3E8 /* PDFExampleTests */,
				9818C8BE20CAD53100C0B3E8 /* PDFExampleUITests */,
				9818C89D20CAD53000C0B3E8 /* Products */,
			);
			sourceTree = "<group>";
		};
		9818C89D20CAD53000C0B3E8 /* Products */ = {
			isa = PBXGroup;
			children = (
				9818C89C20CAD53000C0B3E8 /* PDFExample.app */,
				9818C8B020CAD53100C0B3E8 /* PDFExampleTests.xctest */,
				9818C8BB20CAD53100C0B3E8 /* PDFExampleUITests.xctest */,
			);
			name = Products;
			sourceTree = "<group>";
		};
		9818C89E20CAD53000C0B3E8 /* PDFExample */ = {
			isa = PBXGroup;
			children = (
				3316665B2104DEB3002E69E6 /* Helper */,
				9818C89F20CAD53000C0B3E8 /* AppDelegate.swift */,
				9818C8A120CAD53000C0B3E8 /* ViewController.swift */,
				9818C8A320CAD53000C0B3E8 /* Main.storyboard */,
				9818C8A620CAD53100C0B3E8 /* Assets.xcassets */,
				9818C8A820CAD53100C0B3E8 /* LaunchScreen.storyboard */,
				9818C8AB20CAD53100C0B3E8 /* Info.plist */,
			);
			path = PDFExample;
			sourceTree = "<group>";
		};
		9818C8B320CAD53100C0B3E8 /* PDFExampleTests */ = {
			isa = PBXGroup;
			children = (
				9818C8B420CAD53100C0B3E8 /* PDFExampleTests.swift */,
				9818C8B620CAD53100C0B3E8 /* Info.plist */,
			);
			path = PDFExampleTests;
			sourceTree = "<group>";
		};
		9818C8BE20CAD53100C0B3E8 /* PDFExampleUITests */ = {
			isa = PBXGroup;
			children = (
				9818C8BF20CAD53100C0B3E8 /* PDFExampleUITests.swift */,
				9818C8C120CAD53100C0B3E8 /* Info.plist */,
			);
			path = PDFExampleUITests;
			sourceTree = "<group>";
		};
/* End PBXGroup section */

/* Begin PBXNativeTarget section */
		9818C89B20CAD53000C0B3E8 /* PDFExample */ = {
			isa = PBXNativeTarget;
			buildConfigurationList = 9818C8C420CAD53100C0B3E8 /* Build configuration list for PBXNativeTarget "PDFExample" */;
			buildPhases = (
				9818C89820CAD53000C0B3E8 /* Sources */,
				9818C89920CAD53000C0B3E8 /* Frameworks */,
				9818C89A20CAD53000C0B3E8 /* Resources */,
			);
			buildRules = (
			);
			dependencies = (
			);
			name = PDFExample;
			productName = PDFExample;
			productReference = 9818C89C20CAD53000C0B3E8 /* PDFExample.app */;
			productType = "com.apple.product-type.application";
		};
		9818C8AF20CAD53100C0B3E8 /* PDFExampleTests */ = {
			isa = PBXNativeTarget;
			buildConfigurationList = 9818C8C720CAD53100C0B3E8 /* Build configuration list for PBXNativeTarget "PDFExampleTests" */;
			buildPhases = (
				9818C8AC20CAD53100C0B3E8 /* Sources */,
				9818C8AD20CAD53100C0B3E8 /* Frameworks */,
				9818C8AE20CAD53100C0B3E8 /* Resources */,
			);
			buildRules = (
			);
			dependencies = (
				9818C8B220CAD53100C0B3E8 /* PBXTargetDependency */,
			);
			name = PDFExampleTests;
			productName = PDFExampleTests;
			productReference = 9818C8B020CAD53100C0B3E8 /* PDFExampleTests.xctest */;
			productType = "com.apple.product-type.bundle.unit-test";
		};
		9818C8BA20CAD53100C0B3E8 /* PDFExampleUITests */ = {
			isa = PBXNativeTarget;
			buildConfigurationList = 9818C8CA20CAD53100C0B3E8 /* Build configuration list for PBXNativeTarget "PDFExampleUITests" */;
			buildPhases = (
				9818C8B720CAD53100C0B3E8 /* Sources */,
				9818C8B820CAD53100C0B3E8 /* Frameworks */,
				9818C8B920CAD53100C0B3E8 /* Resources */,
			);
			buildRules = (
			);
			dependencies = (
				9818C8BD20CAD53100C0B3E8 /* PBXTargetDependency */,
			);
			name = PDFExampleUITests;
			productName = PDFExampleUITests;
			productReference = 9818C8BB20CAD53100C0B3E8 /* PDFExampleUITests.xctest */;
			productType = "com.apple.product-type.bundle.ui-testing";
		};
/* End PBXNativeTarget section */

/* Begin PBXProject section */
		9818C89420CAD53000C0B3E8 /* Project object */ = {
			isa = PBXProject;
			attributes = {
				LastSwiftUpdateCheck = 0930;
				LastUpgradeCheck = 0930;
				ORGANIZATIONNAME = "Eugene Lezov";
				TargetAttributes = {
					9818C89B20CAD53000C0B3E8 = {
						CreatedOnToolsVersion = 9.3;
						ProvisioningStyle = Automatic;
					};
					9818C8AF20CAD53100C0B3E8 = {
						CreatedOnToolsVersion = 9.3;
						ProvisioningStyle = Automatic;
						TestTargetID = 9818C89B20CAD53000C0B3E8;
					};
					9818C8BA20CAD53100C0B3E8 = {
						CreatedOnToolsVersion = 9.3;
						ProvisioningStyle = Automatic;
						TestTargetID = 9818C89B20CAD53000C0B3E8;
					};
				};
			};
			buildConfigurationList = 9818C89720CAD53000C0B3E8 /* Build configuration list for PBXProject "PDFExample" */;
			compatibilityVersion = "Xcode 8.0";
			developmentRegion = en;
			hasScannedForEncodings = 0;
			knownRegions = (
				en,
				Base,
			);
			mainGroup = 9818C89320CAD53000C0B3E8;
			productRefGroup = 9818C89D20CAD53000C0B3E8 /* Products */;
			projectDirPath = "";
			projectRoot = "";
			targets = (
				9818C89B20CAD53000C0B3E8 /* PDFExample */,
				9818C8AF20CAD53100C0B3E8 /* PDFExampleTests */,
				9818C8BA20CAD53100C0B3E8 /* PDFExampleUITests */,
			);
		};
/* End PBXProject section */

/* Begin PBXResourcesBuildPhase section */
		9818C89A20CAD53000C0B3E8 /* Resources */ = {
			isa = PBXResourcesBuildPhase;
			buildActionMask = 2147483647;
			files = (
				9818C8AA20CAD53100C0B3E8 /* LaunchScreen.storyboard in Resources */,
				9818C8A720CAD53100C0B3E8 /* Assets.xcassets in Resources */,
				9818C8A520CAD53000C0B3E8 /* Main.storyboard in Resources */,
			);
			runOnlyForDeploymentPostprocessing = 0;
		};
		9818C8AE20CAD53100C0B3E8 /* Resources */ = {
			isa = PBXResourcesBuildPhase;
			buildActionMask = 2147483647;
			files = (
			);
			runOnlyForDeploymentPostprocessing = 0;
		};
		9818C8B920CAD53100C0B3E8 /* Resources */ = {
			isa = PBXResourcesBuildPhase;
			buildActionMask = 2147483647;
			files = (
			);
			runOnlyForDeploymentPostprocessing = 0;
		};
/* End PBXResourcesBuildPhase section */

/* Begin PBXSourcesBuildPhase section */
		9818C89820CAD53000C0B3E8 /* Sources */ = {
			isa = PBXSourcesBuildPhase;
			buildActionMask = 2147483647;
			files = (
				3316665F210500E5002E69E6 /* ActivityHelper.swift in Sources */,
				3316665D2104DED5002E69E6 /* PDFHelper.swift in Sources */,
				9818C8A220CAD53000C0B3E8 /* ViewController.swift in Sources */,
				9818C8A020CAD53000C0B3E8 /* AppDelegate.swift in Sources */,
			);
			runOnlyForDeploymentPostprocessing = 0;
		};
		9818C8AC20CAD53100C0B3E8 /* Sources */ = {
			isa = PBXSourcesBuildPhase;
			buildActionMask = 2147483647;
			files = (
				9818C8B520CAD53100C0B3E8 /* PDFExampleTests.swift in Sources */,
			);
			runOnlyForDeploymentPostprocessing = 0;
		};
		9818C8B720CAD53100C0B3E8 /* Sources */ = {
			isa = PBXSourcesBuildPhase;
			buildActionMask = 2147483647;
			files = (
				9818C8C020CAD53100C0B3E8 /* PDFExampleUITests.swift in Sources */,
			);
			runOnlyForDeploymentPostprocessing = 0;
		};
/* End PBXSourcesBuildPhase section */

/* Begin PBXTargetDependency section */
		9818C8B220CAD53100C0B3E8 /* PBXTargetDependency */ = {
			isa = PBXTargetDependency;
			target = 9818C89B20CAD53000C0B3E8 /* PDFExample */;
			targetProxy = 9818C8B120CAD53100C0B3E8 /* PBXContainerItemProxy */;
		};
		9818C8BD20CAD53100C0B3E8 /* PBXTargetDependency */ = {
			isa = PBXTargetDependency;
			target = 9818C89B20CAD53000C0B3E8 /* PDFExample */;
			targetProxy = 9818C8BC20CAD53100C0B3E8 /* PBXContainerItemProxy */;
		};
/* End PBXTargetDependency section */

/* Begin PBXVariantGroup section */
		9818C8A320CAD53000C0B3E8 /* Main.storyboard */ = {
			isa = PBXVariantGroup;
			children = (
				9818C8A420CAD53000C0B3E8 /* Base */,
			);
			name = Main.storyboard;
			sourceTree = "<group>";
		};
		9818C8A820CAD53100C0B3E8 /* LaunchScreen.storyboard */ = {
			isa = PBXVariantGroup;
			children = (
				9818C8A920CAD53100C0B3E8 /* Base */,
			);
			name = LaunchScreen.storyboard;
			sourceTree = "<group>";
		};
/* End PBXVariantGroup section */

/* Begin XCBuildConfiguration section */
		9818C8C220CAD53100C0B3E8 /* Debug */ = {
			isa = XCBuildConfiguration;
			buildSettings = {
				ALWAYS_SEARCH_USER_PATHS = NO;
				CLANG_ANALYZER_NONNULL = YES;
				CLANG_ANALYZER_NUMBER_OBJECT_CONVERSION = YES_AGGRESSIVE;
				CLANG_CXX_LANGUAGE_STANDARD = "gnu++14";
				CLANG_CXX_LIBRARY = "libc++";
				CLANG_ENABLE_MODULES = YES;
				CLANG_ENABLE_OBJC_ARC = YES;
				CLANG_ENABLE_OBJC_WEAK = YES;
				CLANG_WARN_BLOCK_CAPTURE_AUTORELEASING = YES;
				CLANG_WARN_BOOL_CONVERSION = YES;
				CLANG_WARN_COMMA = YES;
				CLANG_WARN_CONSTANT_CONVERSION = YES;
				CLANG_WARN_DEPRECATED_OBJC_IMPLEMENTATIONS = YES;
				CLANG_WARN_DIRECT_OBJC_ISA_USAGE = YES_ERROR;
				CLANG_WARN_DOCUMENTATION_COMMENTS = YES;
				CLANG_WARN_EMPTY_BODY = YES;
				CLANG_WARN_ENUM_CONVERSION = YES;
				CLANG_WARN_INFINITE_RECURSION = YES;
				CLANG_WARN_INT_CONVERSION = YES;
				CLANG_WARN_NON_LITERAL_NULL_CONVERSION = YES;
				CLANG_WARN_OBJC_IMPLICIT_RETAIN_SELF = YES;
				CLANG_WARN_OBJC_LITERAL_CONVERSION = YES;
				CLANG_WARN_OBJC_ROOT_CLASS = YES_ERROR;
				CLANG_WARN_RANGE_LOOP_ANALYSIS = YES;
				CLANG_WARN_STRICT_PROTOTYPES = YES;
				CLANG_WARN_SUSPICIOUS_MOVE = YES;
				CLANG_WARN_UNGUARDED_AVAILABILITY = YES_AGGRESSIVE;
				CLANG_WARN_UNREACHABLE_CODE = YES;
				CLANG_WARN__DUPLICATE_METHOD_MATCH = YES;
				CODE_SIGN_IDENTITY = "iPhone Developer";
				COPY_PHASE_STRIP = NO;
				DEBUG_INFORMATION_FORMAT = dwarf;
				ENABLE_STRICT_OBJC_MSGSEND = YES;
				ENABLE_TESTABILITY = YES;
				GCC_C_LANGUAGE_STANDARD = gnu11;
				GCC_DYNAMIC_NO_PIC = NO;
				GCC_NO_COMMON_BLOCKS = YES;
				GCC_OPTIMIZATION_LEVEL = 0;
				GCC_PREPROCESSOR_DEFINITIONS = (
					"DEBUG=1",
					"$(inherited)",
				);
				GCC_WARN_64_TO_32_BIT_CONVERSION = YES;
				GCC_WARN_ABOUT_RETURN_TYPE = YES_ERROR;
				GCC_WARN_UNDECLARED_SELECTOR = YES;
				GCC_WARN_UNINITIALIZED_AUTOS = YES_AGGRESSIVE;
				GCC_WARN_UNUSED_FUNCTION = YES;
				GCC_WARN_UNUSED_VARIABLE = YES;
				IPHONEOS_DEPLOYMENT_TARGET = 11.3;
				MTL_ENABLE_DEBUG_INFO = YES;
				ONLY_ACTIVE_ARCH = YES;
				SDKROOT = iphoneos;
				SWIFT_ACTIVE_COMPILATION_CONDITIONS = DEBUG;
				SWIFT_OPTIMIZATION_LEVEL = "-Onone";
			};
			name = Debug;
		};
		9818C8C320CAD53100C0B3E8 /* Release */ = {
			isa = XCBuildConfiguration;
			buildSettings = {
				ALWAYS_SEARCH_USER_PATHS = NO;
				CLANG_ANALYZER_NONNULL = YES;
				CLANG_ANALYZER_NUMBER_OBJECT_CONVERSION = YES_AGGRESSIVE;
				CLANG_CXX_LANGUAGE_STANDARD = "gnu++14";
				CLANG_CXX_LIBRARY = "libc++";
				CLANG_ENABLE_MODULES = YES;
				CLANG_ENABLE_OBJC_ARC = YES;
				CLANG_ENABLE_OBJC_WEAK = YES;
				CLANG_WARN_BLOCK_CAPTURE_AUTORELEASING = YES;
				CLANG_WARN_BOOL_CONVERSION = YES;
				CLANG_WARN_COMMA = YES;
				CLANG_WARN_CONSTANT_CONVERSION = YES;
				CLANG_WARN_DEPRECATED_OBJC_IMPLEMENTATIONS = YES;
				CLANG_WARN_DIRECT_OBJC_ISA_USAGE = YES_ERROR;
				CLANG_WARN_DOCUMENTATION_COMMENTS = YES;
				CLANG_WARN_EMPTY_BODY = YES;
				CLANG_WARN_ENUM_CONVERSION = YES;
				CLANG_WARN_INFINITE_RECURSION = YES;
				CLANG_WARN_INT_CONVERSION = YES;
				CLANG_WARN_NON_LITERAL_NULL_CONVERSION = YES;
				CLANG_WARN_OBJC_IMPLICIT_RETAIN_SELF = YES;
				CLANG_WARN_OBJC_LITERAL_CONVERSION = YES;
				CLANG_WARN_OBJC_ROOT_CLASS = YES_ERROR;
				CLANG_WARN_RANGE_LOOP_ANALYSIS = YES;
				CLANG_WARN_STRICT_PROTOTYPES = YES;
				CLANG_WARN_SUSPICIOUS_MOVE = YES;
				CLANG_WARN_UNGUARDED_AVAILABILITY = YES_AGGRESSIVE;
				CLANG_WARN_UNREACHABLE_CODE = YES;
				CLANG_WARN__DUPLICATE_METHOD_MATCH = YES;
				CODE_SIGN_IDENTITY = "iPhone Developer";
				COPY_PHASE_STRIP = NO;
				DEBUG_INFORMATION_FORMAT = "dwarf-with-dsym";
				ENABLE_NS_ASSERTIONS = NO;
				ENABLE_STRICT_OBJC_MSGSEND = YES;
				GCC_C_LANGUAGE_STANDARD = gnu11;
				GCC_NO_COMMON_BLOCKS = YES;
				GCC_WARN_64_TO_32_BIT_CONVERSION = YES;
				GCC_WARN_ABOUT_RETURN_TYPE = YES_ERROR;
				GCC_WARN_UNDECLARED_SELECTOR = YES;
				GCC_WARN_UNINITIALIZED_AUTOS = YES_AGGRESSIVE;
				GCC_WARN_UNUSED_FUNCTION = YES;
				GCC_WARN_UNUSED_VARIABLE = YES;
				IPHONEOS_DEPLOYMENT_TARGET = 11.3;
				MTL_ENABLE_DEBUG_INFO = NO;
				SDKROOT = iphoneos;
				SWIFT_COMPILATION_MODE = wholemodule;
				SWIFT_OPTIMIZATION_LEVEL = "-O";
				VALIDATE_PRODUCT = YES;
			};
			name = Release;
		};
		9818C8C520CAD53100C0B3E8 /* Debug */ = {
			isa = XCBuildConfiguration;
			buildSettings = {
				ASSETCATALOG_COMPILER_APPICON_NAME = AppIcon;
				CODE_SIGN_STYLE = Automatic;
				DEVELOPMENT_TEAM = "";
				INFOPLIST_FILE = PDFExample/Info.plist;
				IPHONEOS_DEPLOYMENT_TARGET = 9.0;
				LD_RUNPATH_SEARCH_PATHS = "$(inherited) @executable_path/Frameworks";
				PRODUCT_BUNDLE_IDENTIFIER = elezov.PDFExample;
				PRODUCT_NAME = "$(TARGET_NAME)";
				SWIFT_VERSION = 4.0;
				TARGETED_DEVICE_FAMILY = "1,2";
			};
			name = Debug;
		};
		9818C8C620CAD53100C0B3E8 /* Release */ = {
			isa = XCBuildConfiguration;
			buildSettings = {
				ASSETCATALOG_COMPILER_APPICON_NAME = AppIcon;
				CODE_SIGN_STYLE = Automatic;
				DEVELOPMENT_TEAM = "";
				INFOPLIST_FILE = PDFExample/Info.plist;
				IPHONEOS_DEPLOYMENT_TARGET = 9.0;
				LD_RUNPATH_SEARCH_PATHS = "$(inherited) @executable_path/Frameworks";
				PRODUCT_BUNDLE_IDENTIFIER = elezov.PDFExample;
				PRODUCT_NAME = "$(TARGET_NAME)";
				SWIFT_VERSION = 4.0;
				TARGETED_DEVICE_FAMILY = "1,2";
			};
			name = Release;
		};
		9818C8C820CAD53100C0B3E8 /* Debug */ = {
			isa = XCBuildConfiguration;
			buildSettings = {
				ALWAYS_EMBED_SWIFT_STANDARD_LIBRARIES = YES;
				BUNDLE_LOADER = "$(TEST_HOST)";
				CODE_SIGN_STYLE = Automatic;
				INFOPLIST_FILE = PDFExampleTests/Info.plist;
				LD_RUNPATH_SEARCH_PATHS = "$(inherited) @executable_path/Frameworks @loader_path/Frameworks";
				PRODUCT_BUNDLE_IDENTIFIER = elezov.PDFExampleTests;
				PRODUCT_NAME = "$(TARGET_NAME)";
				SWIFT_VERSION = 4.0;
				TARGETED_DEVICE_FAMILY = "1,2";
				TEST_HOST = "$(BUILT_PRODUCTS_DIR)/PDFExample.app/PDFExample";
			};
			name = Debug;
		};
		9818C8C920CAD53100C0B3E8 /* Release */ = {
			isa = XCBuildConfiguration;
			buildSettings = {
				ALWAYS_EMBED_SWIFT_STANDARD_LIBRARIES = YES;
				BUNDLE_LOADER = "$(TEST_HOST)";
				CODE_SIGN_STYLE = Automatic;
				INFOPLIST_FILE = PDFExampleTests/Info.plist;
				LD_RUNPATH_SEARCH_PATHS = "$(inherited) @executable_path/Frameworks @loader_path/Frameworks";
				PRODUCT_BUNDLE_IDENTIFIER = elezov.PDFExampleTests;
				PRODUCT_NAME = "$(TARGET_NAME)";
				SWIFT_VERSION = 4.0;
				TARGETED_DEVICE_FAMILY = "1,2";
				TEST_HOST = "$(BUILT_PRODUCTS_DIR)/PDFExample.app/PDFExample";
			};
			name = Release;
		};
		9818C8CB20CAD53100C0B3E8 /* Debug */ = {
			isa = XCBuildConfiguration;
			buildSettings = {
				ALWAYS_EMBED_SWIFT_STANDARD_LIBRARIES = YES;
				CODE_SIGN_STYLE = Automatic;
				INFOPLIST_FILE = PDFExampleUITests/Info.plist;
				LD_RUNPATH_SEARCH_PATHS = "$(inherited) @executable_path/Frameworks @loader_path/Frameworks";
				PRODUCT_BUNDLE_IDENTIFIER = elezov.PDFExampleUITests;
				PRODUCT_NAME = "$(TARGET_NAME)";
				SWIFT_VERSION = 4.0;
				TARGETED_DEVICE_FAMILY = "1,2";
				TEST_TARGET_NAME = PDFExample;
			};
			name = Debug;
		};
		9818C8CC20CAD53100C0B3E8 /* Release */ = {
			isa = XCBuildConfiguration;
			buildSettings = {
				ALWAYS_EMBED_SWIFT_STANDARD_LIBRARIES = YES;
				CODE_SIGN_STYLE = Automatic;
				INFOPLIST_FILE = PDFExampleUITests/Info.plist;
				LD_RUNPATH_SEARCH_PATHS = "$(inherited) @executable_path/Frameworks @loader_path/Frameworks";
				PRODUCT_BUNDLE_IDENTIFIER = elezov.PDFExampleUITests;
				PRODUCT_NAME = "$(TARGET_NAME)";
				SWIFT_VERSION = 4.0;
				TARGETED_DEVICE_FAMILY = "1,2";
				TEST_TARGET_NAME = PDFExample;
			};
			name = Release;
		};
/* End XCBuildConfiguration section */

/* Begin XCConfigurationList section */
		9818C89720CAD53000C0B3E8 /* Build configuration list for PBXProject "PDFExample" */ = {
			isa = XCConfigurationList;
			buildConfigurations = (
				9818C8C220CAD53100C0B3E8 /* Debug */,
				9818C8C320CAD53100C0B3E8 /* Release */,
			);
			defaultConfigurationIsVisible = 0;
			defaultConfigurationName = Release;
		};
		9818C8C420CAD53100C0B3E8 /* Build configuration list for PBXNativeTarget "PDFExample" */ = {
			isa = XCConfigurationList;
			buildConfigurations = (
				9818C8C520CAD53100C0B3E8 /* Debug */,
				9818C8C620CAD53100C0B3E8 /* Release */,
			);
			defaultConfigurationIsVisible = 0;
			defaultConfigurationName = Release;
		};
		9818C8C720CAD53100C0B3E8 /* Build configuration list for PBXNativeTarget "PDFExampleTests" */ = {
			isa = XCConfigurationList;
			buildConfigurations = (
				9818C8C820CAD53100C0B3E8 /* Debug */,
				9818C8C920CAD53100C0B3E8 /* Release */,
			);
			defaultConfigurationIsVisible = 0;
			defaultConfigurationName = Release;
		};
		9818C8CA20CAD53100C0B3E8 /* Build configuration list for PBXNativeTarget "PDFExampleUITests" */ = {
			isa = XCConfigurationList;
			buildConfigurations = (
				9818C8CB20CAD53100C0B3E8 /* Debug */,
				9818C8CC20CAD53100C0B3E8 /* Release */,
			);
			defaultConfigurationIsVisible = 0;
			defaultConfigurationName = Release;
		};
/* End XCConfigurationList section */
	};
	rootObject = 9818C89420CAD53000C0B3E8 /* Project object */;
}
